
Microsoft Visual Studio Solution File, Format Version 12.00
# Visual Studio Version 16
VisualStudioVersion = 16.0.31702.278
MinimumVisualStudioVersion = 10.0.40219.1
Project("{FAE04EC0-301F-11D3-BF4B-00C04F79EFBC}") = "TestEntityFramework", "TestEntityFramework\TestEntityFramework.csproj", "{5E9D45CC-7454-44E4-8C44-01F1ADD5B103}"
EndProject
Global
	GlobalSection(SolutionConfigurationPlatforms) = preSolution
		Debug|Any CPU = Debug|Any CPU
		Release|Any CPU = Release|Any CPU
	EndGlobalSection
	GlobalSection(ProjectConfigurationPlatforms) = postSolution
		{5E9D45CC-7454-44E4-8C44-01F1ADD5B103}.Debug|Any CPU.ActiveCfg = Debug|Any CPU
		{5E9D45CC-7454-44E4-8C44-01F1ADD5B103}.Debug|Any CPU.Build.0 = Debug|Any CPU
		{5E9D45CC-7454-44E4-8C44-01F1ADD5B103}.Release|Any CPU.ActiveCfg = Release|Any CPU
		{5E9D45CC-7454-44E4-8C44-01F1ADD5B103}.Release|Any CPU.Build.0 = Release|Any CPU
	EndGlobalSection
	GlobalSection(SolutionProperties) = preSolution
		HideSolutionNode = FALSE
	EndGlobalSection
	GlobalSection(ExtensibilityGlobals) = postSolution
		SolutionGuid = {952312E8-624C-473C-9F77-959D1E5B5A0B}
	EndGlobalSection
EndGlobal
